<?xml version="1.0" encoding="UTF-8" standalone="yes" ?>
<CodeBlocks_project_file>
	<FileVersion major="1" minor="6" />
	<Project>
		<Option title="stm_mcp_utest" />
		<Option pch_mode="2" />
		<Option compiler="gcc" />
		<Build>
			<Target title="Debug">
				<Option output="bin/Debug/stm_mcp_utest" prefix_auto="1" extension_auto="1" />
				<Option object_output="obj/Debug/" />
				<Option type="1" />
				<Option compiler="gcc" />
				<Compiler>
					<Add option="-g" />
					<Add option="-DUNIT_TEST=1" />
					<Add directory="inc" />
					<Add directory="../inc" />
				</Compiler>
			</Target>
			<Target title="Release">
				<Option output="bin/Release/stm_mcp_utest" prefix_auto="1" extension_auto="1" />
				<Option object_output="obj/Release/" />
				<Option type="1" />
				<Option compiler="gcc" />
				<Compiler>
					<Add option="-O2" />
				</Compiler>
				<Linker>
					<Add option="-s" />
				</Linker>
			</Target>
		</Build>
		<Compiler>
			<Add option="-Wall" />
		</Compiler>
		<Unit filename="../inc/BLDC_sm.h" />
		<Unit filename="../inc/driver.h" />
		<Unit filename="../inc/faultm.h" />
		<Unit filename="../inc/mcu_stm8s.h" />
		<Unit filename="../inc/mdata.h" />
		<Unit filename="../inc/model.h" />
		<Unit filename="../inc/parameter.h" />
		<Unit filename="../inc/per_task.h" />
		<Unit filename="../inc/pwm_stm8s.h" />
		<Unit filename="../inc/sequence.h" />
		<Unit filename="../inc/stm8s_conf.h" />
		<Unit filename="../inc/stm8s_it.h" />
		<Unit filename="../inc/system.h" />
		<Unit filename="../src/BLDC_sm.c">
			<Option compilerVar="CC" />
		</Unit>
		<Unit filename="../src/driver.c">
			<Option compilerVar="CC" />
		</Unit>
		<Unit filename="../src/faultm.c">
			<Option compilerVar="CC" />
		</Unit>
		<Unit filename="../src/main.c">
			<Option compilerVar="CC" />
		</Unit>
		<Unit filename="../src/mcu_stm8s.c">
			<Option compilerVar="CC" />
		</Unit>
		<Unit filename="../src/mdata.c">
			<Option compilerVar="CC" />
		</Unit>
		<Unit filename="../src/model.c">
			<Option compilerVar="CC" />
		</Unit>
		<Unit filename="../src/per_task.c">
			<Option compilerVar="CC" />
		</Unit>
		<Unit filename="../src/pwm_stm8s.c">
			<Option compilerVar="CC" />
		</Unit>
		<Unit filename="../src/sequence.c">
			<Option compilerVar="CC" />
		</Unit>
		<Unit filename="../src/stm8s_it.c">
			<Option compilerVar="CC" />
		</Unit>
		<Unit filename="inc/putf.h" />
		<Unit filename="main.c">
			<Option compilerVar="CC" />
		</Unit>
		<Unit filename="src/putf.c">
			<Option compilerVar="CC" />
		</Unit>
		<Unit filename="src/stubs.c">
			<Option compilerVar="CC" />
		</Unit>
		<Unit filename="src/test_bldc_sm/test_bldc_sm.c">
			<Option compilerVar="CC" />
		</Unit>
		<Extensions>
			<DoxyBlocks>
				<comment_style block="0" line="0" />
				<doxyfile_project />
				<doxyfile_build />
				<doxyfile_warnings />
				<doxyfile_output />
				<doxyfile_dot />
				<general />
			</DoxyBlocks>
			<lib_finder disable_auto="1" />
		</Extensions>
	</Project>
</CodeBlocks_project_file>
